PODS:
  - Stripe (24.16.1):
    - StripeApplePay (= 24.16.1)
    - StripeCore (= 24.16.1)
    - StripePayments (= 24.16.1)
    - StripePaymentsUI (= 24.16.1)
    - StripeUICore (= 24.16.1)
  - StripeApplePay (24.16.1):
    - StripeCore (= 24.16.1)
  - StripeCore (24.16.1)
  - StripePayments (24.16.1):
    - StripeCore (= 24.16.1)
    - StripePayments/Stripe3DS2 (= 24.16.1)
  - StripePayments/Stripe3DS2 (24.16.1):
    - StripeCore (= 24.16.1)
  - StripePaymentsUI (24.16.1):
    - StripeCore (= 24.16.1)
    - StripePayments (= 24.16.1)
    - StripeUICore (= 24.16.1)
  - StripeUICore (24.16.1):
    - StripeCore (= 24.16.1)

DEPENDENCIES:
  - Stripe

SPEC REPOS:
  trunk:
    - Stripe
    - StripeApplePay
    - StripeCore
    - StripePayments
    - StripePaymentsUI
    - StripeUICore

SPEC CHECKSUMS:
  Stripe: 4a3519963904b46b2a5a051022f4e67d2831aff6
  StripeApplePay: 4303d484ec3b43d96b73a3127470674f8484a27d
  StripeCore: 45ccc543ea1d54f00f03dd4813b4ab1071ae5d34
  StripePayments: 3f3cd1970de45f1d26d263bb5a6be5cfd9df93eb
  StripePaymentsUI: f3e663c841a0c9303e315f61db145f96667db9c0
  StripeUICore: 1ddbdd49d9fde119d9e64c17e7e79d49c29ccb98

PODFILE CHECKSUM: 69280fc365f6dd9ac79c4e5eb9c196796a7b0c84

COCOAPODS: 1.16.2
