// !$*UTF8*$!
{
	archiveVersion = 1;
	classes = {
	};
	objectVersion = 77;
	objects = {

/* Begin PBXBuildFile section */
		8959B2882E10C0D200600C8A /* FirebaseAnalytics in Frameworks */ = {isa = PBXBuildFile; productRef = 8959B2872E10C0D200600C8A /* FirebaseAnalytics */; };
		8959B28A2E10C0D200600C8A /* FirebaseAnalyticsCore in Frameworks */ = {isa = PBXBuildFile; productRef = 8959B2892E10C0D200600C8A /* FirebaseAnalyticsCore */; };
		8959B28C2E10C0D200600C8A /* FirebaseAnalyticsIdentitySupport in Frameworks */ = {isa = PBXBuildFile; productRef = 8959B28B2E10C0D200600C8A /* FirebaseAnalyticsIdentitySupport */; };
		8959B28E2E10C0D200600C8A /* FirebaseAnalyticsOnDeviceConversion in Frameworks */ = {isa = PBXBuildFile; productRef = 8959B28D2E10C0D200600C8A /* FirebaseAnalyticsOnDeviceConversion */; };
		8959B2902E10C0D200600C8A /* FirebaseAuth in Frameworks */ = {isa = PBXBuildFile; productRef = 8959B28F2E10C0D200600C8A /* FirebaseAuth */; };
		8959B2922E10C0D200600C8A /* FirebaseAuthCombine-Community in Frameworks */ = {isa = PBXBuildFile; productRef = 8959B2912E10C0D200600C8A /* FirebaseAuthCombine-Community */; };
		8959B2942E10C0D200600C8A /* FirebaseCore in Frameworks */ = {isa = PBXBuildFile; productRef = 8959B2932E10C0D200600C8A /* FirebaseCore */; };
		8959B2962E10C0D200600C8A /* FirebaseCrashlytics in Frameworks */ = {isa = PBXBuildFile; productRef = 8959B2952E10C0D200600C8A /* FirebaseCrashlytics */; };
		8959B2982E10C0D200600C8A /* FirebaseFirestore in Frameworks */ = {isa = PBXBuildFile; productRef = 8959B2972E10C0D200600C8A /* FirebaseFirestore */; };
		8959B29A2E10C0D200600C8A /* FirebaseFirestoreCombine-Community in Frameworks */ = {isa = PBXBuildFile; productRef = 8959B2992E10C0D200600C8A /* FirebaseFirestoreCombine-Community */; };
		8959B29C2E10C0D200600C8A /* FirebaseStorage in Frameworks */ = {isa = PBXBuildFile; productRef = 8959B29B2E10C0D200600C8A /* FirebaseStorage */; };
		8959B3232E10C24900600C8A /* Stripe in Frameworks */ = {isa = PBXBuildFile; productRef = 8959B3222E10C24900600C8A /* Stripe */; };
		8959B3252E10C24900600C8A /* StripeApplePay in Frameworks */ = {isa = PBXBuildFile; productRef = 8959B3242E10C24900600C8A /* StripeApplePay */; };
		8959B3272E10C24900600C8A /* StripeCardScan in Frameworks */ = {isa = PBXBuildFile; productRef = 8959B3262E10C24900600C8A /* StripeCardScan */; };
		8959B3292E10C24900600C8A /* StripeConnect in Frameworks */ = {isa = PBXBuildFile; productRef = 8959B3282E10C24900600C8A /* StripeConnect */; };
		8959B32B2E10C24900600C8A /* StripeFinancialConnections in Frameworks */ = {isa = PBXBuildFile; productRef = 8959B32A2E10C24900600C8A /* StripeFinancialConnections */; };
		8959B32D2E10C24900600C8A /* StripeIdentity in Frameworks */ = {isa = PBXBuildFile; productRef = 8959B32C2E10C24900600C8A /* StripeIdentity */; };
		8959B32F2E10C24900600C8A /* StripePaymentSheet in Frameworks */ = {isa = PBXBuildFile; productRef = 8959B32E2E10C24900600C8A /* StripePaymentSheet */; };
		8959B3312E10C24900600C8A /* StripePayments in Frameworks */ = {isa = PBXBuildFile; productRef = 8959B3302E10C24900600C8A /* StripePayments */; };
		8959B3332E10C24900600C8A /* StripePaymentsUI in Frameworks */ = {isa = PBXBuildFile; productRef = 8959B3322E10C24900600C8A /* StripePaymentsUI */; };
		897DCF492DFA405700E442FD /* GoogleService-Info.plist in Resources */ = {isa = PBXBuildFile; fileRef = 897DCF482DFA405700E442FD /* GoogleService-Info.plist */; };
		897DCF4A2DFA405700E442FD /* GoogleService-Info.plist in Resources */ = {isa = PBXBuildFile; fileRef = 897DCF482DFA405700E442FD /* GoogleService-Info.plist */; };
		897DCF4B2DFA405700E442FD /* GoogleService-Info.plist in Resources */ = {isa = PBXBuildFile; fileRef = 897DCF482DFA405700E442FD /* GoogleService-Info.plist */; };
		89B0DF772E1341FD008BDEFC /* FirebaseDatabase in Frameworks */ = {isa = PBXBuildFile; productRef = 89B0DF762E1341FD008BDEFC /* FirebaseDatabase */; };
/* End PBXBuildFile section */

/* Begin PBXContainerItemProxy section */
		891445C82DF1F1BC00EF6FCA /* PBXContainerItemProxy */ = {
			isa = PBXContainerItemProxy;
			containerPortal = 891445B02DF1F1BA00EF6FCA /* Project object */;
			proxyType = 1;
			remoteGlobalIDString = 891445B72DF1F1BA00EF6FCA;
			remoteInfo = Zodiaccurate;
		};
		891445D22DF1F1BC00EF6FCA /* PBXContainerItemProxy */ = {
			isa = PBXContainerItemProxy;
			containerPortal = 891445B02DF1F1BA00EF6FCA /* Project object */;
			proxyType = 1;
			remoteGlobalIDString = 891445B72DF1F1BA00EF6FCA;
			remoteInfo = Zodiaccurate;
		};
/* End PBXContainerItemProxy section */

/* Begin PBXFileReference section */
		891445B82DF1F1BA00EF6FCA /* Zodiaccurate.app */ = {isa = PBXFileReference; explicitFileType = wrapper.application; includeInIndex = 0; path = Zodiaccurate.app; sourceTree = BUILT_PRODUCTS_DIR; };
		891445C72DF1F1BC00EF6FCA /* ZodiaccurateTests.xctest */ = {isa = PBXFileReference; explicitFileType = wrapper.cfbundle; includeInIndex = 0; path = ZodiaccurateTests.xctest; sourceTree = BUILT_PRODUCTS_DIR; };
		891445D12DF1F1BC00EF6FCA /* ZodiaccurateUITests.xctest */ = {isa = PBXFileReference; explicitFileType = wrapper.cfbundle; includeInIndex = 0; path = ZodiaccurateUITests.xctest; sourceTree = BUILT_PRODUCTS_DIR; };
		897DCF482DFA405700E442FD /* GoogleService-Info.plist */ = {isa = PBXFileReference; lastKnownFileType = text.plist.xml; path = "GoogleService-Info.plist"; sourceTree = "<group>"; };
/* End PBXFileReference section */

/* Begin PBXFileSystemSynchronizedBuildFileExceptionSet section */
		897DCF5C2DFA4B2000E442FD /* Exceptions for "Zodiaccurate" folder in "Zodiaccurate" target */ = {
			isa = PBXFileSystemSynchronizedBuildFileExceptionSet;
			membershipExceptions = (
				Info.plist,
			);
			target = 891445B72DF1F1BA00EF6FCA /* Zodiaccurate */;
		};
/* End PBXFileSystemSynchronizedBuildFileExceptionSet section */

/* Begin PBXFileSystemSynchronizedRootGroup section */
		891445BA2DF1F1BA00EF6FCA /* Zodiaccurate */ = {
			isa = PBXFileSystemSynchronizedRootGroup;
			exceptions = (
				897DCF5C2DFA4B2000E442FD /* Exceptions for "Zodiaccurate" folder in "Zodiaccurate" target */,
			);
			path = Zodiaccurate;
			sourceTree = "<group>";
		};
		891445CA2DF1F1BC00EF6FCA /* ZodiaccurateTests */ = {
			isa = PBXFileSystemSynchronizedRootGroup;
			path = ZodiaccurateTests;
			sourceTree = "<group>";
		};
		891445D42DF1F1BC00EF6FCA /* ZodiaccurateUITests */ = {
			isa = PBXFileSystemSynchronizedRootGroup;
			path = ZodiaccurateUITests;
			sourceTree = "<group>";
		};
/* End PBXFileSystemSynchronizedRootGroup section */

/* Begin PBXFrameworksBuildPhase section */
		891445B52DF1F1BA00EF6FCA /* Frameworks */ = {
			isa = PBXFrameworksBuildPhase;
			buildActionMask = 2147483647;
			files = (
				8959B3232E10C24900600C8A /* Stripe in Frameworks */,
				8959B28C2E10C0D200600C8A /* FirebaseAnalyticsIdentitySupport in Frameworks */,
				8959B2902E10C0D200600C8A /* FirebaseAuth in Frameworks */,
				8959B32B2E10C24900600C8A /* StripeFinancialConnections in Frameworks */,
				8959B3272E10C24900600C8A /* StripeCardScan in Frameworks */,
				8959B2882E10C0D200600C8A /* FirebaseAnalytics in Frameworks */,
				8959B2982E10C0D200600C8A /* FirebaseFirestore in Frameworks */,
				8959B28E2E10C0D200600C8A /* FirebaseAnalyticsOnDeviceConversion in Frameworks */,
				8959B32F2E10C24900600C8A /* StripePaymentSheet in Frameworks */,
				8959B29C2E10C0D200600C8A /* FirebaseStorage in Frameworks */,
				8959B3312E10C24900600C8A /* StripePayments in Frameworks */,
				8959B32D2E10C24900600C8A /* StripeIdentity in Frameworks */,
				89B0DF772E1341FD008BDEFC /* FirebaseDatabase in Frameworks */,
				8959B3332E10C24900600C8A /* StripePaymentsUI in Frameworks */,
				8959B29A2E10C0D200600C8A /* FirebaseFirestoreCombine-Community in Frameworks */,
				8959B28A2E10C0D200600C8A /* FirebaseAnalyticsCore in Frameworks */,
				8959B2922E10C0D200600C8A /* FirebaseAuthCombine-Community in Frameworks */,
				8959B2962E10C0D200600C8A /* FirebaseCrashlytics in Frameworks */,
				8959B2942E10C0D200600C8A /* FirebaseCore in Frameworks */,
				8959B3292E10C24900600C8A /* StripeConnect in Frameworks */,
				8959B3252E10C24900600C8A /* StripeApplePay in Frameworks */,
			);
			runOnlyForDeploymentPostprocessing = 0;
		};
		891445C42DF1F1BC00EF6FCA /* Frameworks */ = {
			isa = PBXFrameworksBuildPhase;
			buildActionMask = 2147483647;
			files = (
			);
			runOnlyForDeploymentPostprocessing = 0;
		};
		891445CE2DF1F1BC00EF6FCA /* Frameworks */ = {
			isa = PBXFrameworksBuildPhase;
			buildActionMask = 2147483647;
			files = (
			);
			runOnlyForDeploymentPostprocessing = 0;
		};
/* End PBXFrameworksBuildPhase section */

/* Begin PBXGroup section */
		891445AF2DF1F1BA00EF6FCA = {
			isa = PBXGroup;
			children = (
				891445BA2DF1F1BA00EF6FCA /* Zodiaccurate */,
				891445CA2DF1F1BC00EF6FCA /* ZodiaccurateTests */,
				891445D42DF1F1BC00EF6FCA /* ZodiaccurateUITests */,
				891445B92DF1F1BA00EF6FCA /* Products */,
				897DCF482DFA405700E442FD /* GoogleService-Info.plist */,
				89B0DF752E1341FD008BDEFC /* Frameworks */,
			);
			sourceTree = "<group>";
		};
		891445B92DF1F1BA00EF6FCA /* Products */ = {
			isa = PBXGroup;
			children = (
				891445B82DF1F1BA00EF6FCA /* Zodiaccurate.app */,
				891445C72DF1F1BC00EF6FCA /* ZodiaccurateTests.xctest */,
				891445D12DF1F1BC00EF6FCA /* ZodiaccurateUITests.xctest */,
			);
			name = Products;
			sourceTree = "<group>";
		};
		89B0DF752E1341FD008BDEFC /* Frameworks */ = {
			isa = PBXGroup;
			children = (
			);
			name = Frameworks;
			sourceTree = "<group>";
		};
/* End PBXGroup section */

/* Begin PBXNativeTarget section */
		891445B72DF1F1BA00EF6FCA /* Zodiaccurate */ = {
			isa = PBXNativeTarget;
			buildConfigurationList = 891445DB2DF1F1BC00EF6FCA /* Build configuration list for PBXNativeTarget "Zodiaccurate" */;
			buildPhases = (
				891445B42DF1F1BA00EF6FCA /* Sources */,
				891445B52DF1F1BA00EF6FCA /* Frameworks */,
				891445B62DF1F1BA00EF6FCA /* Resources */,
				89314C2A2E011A5500D8A2B6 /* ShellScript */,
			);
			buildRules = (
			);
			dependencies = (
			);
			fileSystemSynchronizedGroups = (
				891445BA2DF1F1BA00EF6FCA /* Zodiaccurate */,
			);
			name = Zodiaccurate;
			productName = Zodiaccurate;
			productReference = 891445B82DF1F1BA00EF6FCA /* Zodiaccurate.app */;
			productType = "com.apple.product-type.application";
		};
		891445C62DF1F1BC00EF6FCA /* ZodiaccurateTests */ = {
			isa = PBXNativeTarget;
			buildConfigurationList = 891445DE2DF1F1BC00EF6FCA /* Build configuration list for PBXNativeTarget "ZodiaccurateTests" */;
			buildPhases = (
				891445C32DF1F1BC00EF6FCA /* Sources */,
				891445C42DF1F1BC00EF6FCA /* Frameworks */,
				891445C52DF1F1BC00EF6FCA /* Resources */,
			);
			buildRules = (
			);
			dependencies = (
				891445C92DF1F1BC00EF6FCA /* PBXTargetDependency */,
			);
			fileSystemSynchronizedGroups = (
				891445CA2DF1F1BC00EF6FCA /* ZodiaccurateTests */,
			);
			name = ZodiaccurateTests;
			productName = ZodiaccurateTests;
			productReference = 891445C72DF1F1BC00EF6FCA /* ZodiaccurateTests.xctest */;
			productType = "com.apple.product-type.bundle.unit-test";
		};
		891445D02DF1F1BC00EF6FCA /* ZodiaccurateUITests */ = {
			isa = PBXNativeTarget;
			buildConfigurationList = 891445E12DF1F1BC00EF6FCA /* Build configuration list for PBXNativeTarget "ZodiaccurateUITests" */;
			buildPhases = (
				891445CD2DF1F1BC00EF6FCA /* Sources */,
				891445CE2DF1F1BC00EF6FCA /* Frameworks */,
				891445CF2DF1F1BC00EF6FCA /* Resources */,
			);
			buildRules = (
			);
			dependencies = (
				891445D32DF1F1BC00EF6FCA /* PBXTargetDependency */,
			);
			fileSystemSynchronizedGroups = (
				891445D42DF1F1BC00EF6FCA /* ZodiaccurateUITests */,
			);
			name = ZodiaccurateUITests;
			productName = ZodiaccurateUITests;
			productReference = 891445D12DF1F1BC00EF6FCA /* ZodiaccurateUITests.xctest */;
			productType = "com.apple.product-type.bundle.ui-testing";
		};
/* End PBXNativeTarget section */

/* Begin PBXProject section */
		891445B02DF1F1BA00EF6FCA /* Project object */ = {
			isa = PBXProject;
			attributes = {
				BuildIndependentTargetsInParallel = 1;
				LastSwiftUpdateCheck = 1630;
				LastUpgradeCheck = 1630;
				TargetAttributes = {
					891445B72DF1F1BA00EF6FCA = {
						CreatedOnToolsVersion = 16.3;
					};
					891445C62DF1F1BC00EF6FCA = {
						CreatedOnToolsVersion = 16.3;
						TestTargetID = 891445B72DF1F1BA00EF6FCA;
					};
					891445D02DF1F1BC00EF6FCA = {
						CreatedOnToolsVersion = 16.3;
						TestTargetID = 891445B72DF1F1BA00EF6FCA;
					};
				};
			};
			buildConfigurationList = 891445B32DF1F1BA00EF6FCA /* Build configuration list for PBXProject "Zodiaccurate" */;
			developmentRegion = en;
			hasScannedForEncodings = 0;
			knownRegions = (
				en,
				Base,
			);
			mainGroup = 891445AF2DF1F1BA00EF6FCA;
			minimizedProjectReferenceProxies = 1;
			packageReferences = (
				89314C2B2E011C2E00D8A2B6 /* XCRemoteSwiftPackageReference "firebase-ios-sdk" */,
				8959B3212E10C24900600C8A /* XCRemoteSwiftPackageReference "stripe-ios" */,
			);
			preferredProjectObjectVersion = 77;
			productRefGroup = 891445B92DF1F1BA00EF6FCA /* Products */;
			projectDirPath = "";
			projectRoot = "";
			targets = (
				891445B72DF1F1BA00EF6FCA /* Zodiaccurate */,
				891445C62DF1F1BC00EF6FCA /* ZodiaccurateTests */,
				891445D02DF1F1BC00EF6FCA /* ZodiaccurateUITests */,
			);
		};
/* End PBXProject section */

/* Begin PBXResourcesBuildPhase section */
		891445B62DF1F1BA00EF6FCA /* Resources */ = {
			isa = PBXResourcesBuildPhase;
			buildActionMask = 2147483647;
			files = (
				897DCF492DFA405700E442FD /* GoogleService-Info.plist in Resources */,
			);
			runOnlyForDeploymentPostprocessing = 0;
		};
		891445C52DF1F1BC00EF6FCA /* Resources */ = {
			isa = PBXResourcesBuildPhase;
			buildActionMask = 2147483647;
			files = (
				897DCF4B2DFA405700E442FD /* GoogleService-Info.plist in Resources */,
			);
			runOnlyForDeploymentPostprocessing = 0;
		};
		891445CF2DF1F1BC00EF6FCA /* Resources */ = {
			isa = PBXResourcesBuildPhase;
			buildActionMask = 2147483647;
			files = (
				897DCF4A2DFA405700E442FD /* GoogleService-Info.plist in Resources */,
			);
			runOnlyForDeploymentPostprocessing = 0;
		};
/* End PBXResourcesBuildPhase section */

/* Begin PBXShellScriptBuildPhase section */
		89314C2A2E011A5500D8A2B6 /* ShellScript */ = {
			isa = PBXShellScriptBuildPhase;
			buildActionMask = 2147483647;
			files = (
			);
			inputFileListPaths = (
			);
			inputPaths = (
			);
			outputFileListPaths = (
			);
			outputPaths = (
			);
			runOnlyForDeploymentPostprocessing = 0;
			shellPath = /bin/sh;
			shellScript = "
";
		};
/* End PBXShellScriptBuildPhase section */

/* Begin PBXSourcesBuildPhase section */
		891445B42DF1F1BA00EF6FCA /* Sources */ = {
			isa = PBXSourcesBuildPhase;
			buildActionMask = 2147483647;
			files = (
			);
			runOnlyForDeploymentPostprocessing = 0;
		};
		891445C32DF1F1BC00EF6FCA /* Sources */ = {
			isa = PBXSourcesBuildPhase;
			buildActionMask = 2147483647;
			files = (
			);
			runOnlyForDeploymentPostprocessing = 0;
		};
		891445CD2DF1F1BC00EF6FCA /* Sources */ = {
			isa = PBXSourcesBuildPhase;
			buildActionMask = 2147483647;
			files = (
			);
			runOnlyForDeploymentPostprocessing = 0;
		};
/* End PBXSourcesBuildPhase section */

/* Begin PBXTargetDependency section */
		891445C92DF1F1BC00EF6FCA /* PBXTargetDependency */ = {
			isa = PBXTargetDependency;
			target = 891445B72DF1F1BA00EF6FCA /* Zodiaccurate */;
			targetProxy = 891445C82DF1F1BC00EF6FCA /* PBXContainerItemProxy */;
		};
		891445D32DF1F1BC00EF6FCA /* PBXTargetDependency */ = {
			isa = PBXTargetDependency;
			target = 891445B72DF1F1BA00EF6FCA /* Zodiaccurate */;
			targetProxy = 891445D22DF1F1BC00EF6FCA /* PBXContainerItemProxy */;
		};
/* End PBXTargetDependency section */

/* Begin XCBuildConfiguration section */
		891445D92DF1F1BC00EF6FCA /* Debug */ = {
			isa = XCBuildConfiguration;
			buildSettings = {
				ALWAYS_SEARCH_USER_PATHS = NO;
				ASSETCATALOG_COMPILER_GENERATE_SWIFT_ASSET_SYMBOL_EXTENSIONS = YES;
				CLANG_ANALYZER_NONNULL = YES;
				CLANG_ANALYZER_NUMBER_OBJECT_CONVERSION = YES_AGGRESSIVE;
				CLANG_CXX_LANGUAGE_STANDARD = "gnu++20";
				CLANG_ENABLE_MODULES = YES;
				CLANG_ENABLE_OBJC_ARC = YES;
				CLANG_ENABLE_OBJC_WEAK = YES;
				CLANG_WARN_BLOCK_CAPTURE_AUTORELEASING = YES;
				CLANG_WARN_BOOL_CONVERSION = YES;
				CLANG_WARN_COMMA = YES;
				CLANG_WARN_CONSTANT_CONVERSION = YES;
				CLANG_WARN_DEPRECATED_OBJC_IMPLEMENTATIONS = YES;
				CLANG_WARN_DIRECT_OBJC_ISA_USAGE = YES_ERROR;
				CLANG_WARN_DOCUMENTATION_COMMENTS = YES;
				CLANG_WARN_EMPTY_BODY = YES;
				CLANG_WARN_ENUM_CONVERSION = YES;
				CLANG_WARN_INFINITE_RECURSION = YES;
				CLANG_WARN_INT_CONVERSION = YES;
				CLANG_WARN_NON_LITERAL_NULL_CONVERSION = YES;
				CLANG_WARN_OBJC_IMPLICIT_RETAIN_SELF = YES;
				CLANG_WARN_OBJC_LITERAL_CONVERSION = YES;
				CLANG_WARN_OBJC_ROOT_CLASS = YES_ERROR;
				CLANG_WARN_QUOTED_INCLUDE_IN_FRAMEWORK_HEADER = YES;
				CLANG_WARN_RANGE_LOOP_ANALYSIS = YES;
				CLANG_WARN_STRICT_PROTOTYPES = YES;
				CLANG_WARN_SUSPICIOUS_MOVE = YES;
				CLANG_WARN_UNGUARDED_AVAILABILITY = YES_AGGRESSIVE;
				CLANG_WARN_UNREACHABLE_CODE = YES;
				CLANG_WARN__DUPLICATE_METHOD_MATCH = YES;
				COPY_PHASE_STRIP = NO;
				DEBUG_INFORMATION_FORMAT = dwarf;
				ENABLE_STRICT_OBJC_MSGSEND = YES;
				ENABLE_TESTABILITY = YES;
				ENABLE_USER_SCRIPT_SANDBOXING = YES;
				GCC_C_LANGUAGE_STANDARD = gnu17;
				GCC_DYNAMIC_NO_PIC = NO;
				GCC_NO_COMMON_BLOCKS = YES;
				GCC_OPTIMIZATION_LEVEL = 0;
				GCC_PREPROCESSOR_DEFINITIONS = (
					"DEBUG=1",
					"$(inherited)",
				);
				GCC_WARN_64_TO_32_BIT_CONVERSION = YES;
				GCC_WARN_ABOUT_RETURN_TYPE = YES_ERROR;
				GCC_WARN_UNDECLARED_SELECTOR = YES;
				GCC_WARN_UNINITIALIZED_AUTOS = YES_AGGRESSIVE;
				GCC_WARN_UNUSED_FUNCTION = YES;
				GCC_WARN_UNUSED_VARIABLE = YES;
				IPHONEOS_DEPLOYMENT_TARGET = 18.3;
				LOCALIZATION_PREFERS_STRING_CATALOGS = YES;
				MTL_ENABLE_DEBUG_INFO = INCLUDE_SOURCE;
				MTL_FAST_MATH = YES;
				ONLY_ACTIVE_ARCH = YES;
				SDKROOT = iphoneos;
				SWIFT_ACTIVE_COMPILATION_CONDITIONS = "DEBUG $(inherited)";
				SWIFT_OPTIMIZATION_LEVEL = "-Onone";
			};
			name = Debug;
		};
		891445DA2DF1F1BC00EF6FCA /* Release */ = {
			isa = XCBuildConfiguration;
			buildSettings = {
				ALWAYS_SEARCH_USER_PATHS = NO;
				ASSETCATALOG_COMPILER_GENERATE_SWIFT_ASSET_SYMBOL_EXTENSIONS = YES;
				CLANG_ANALYZER_NONNULL = YES;
				CLANG_ANALYZER_NUMBER_OBJECT_CONVERSION = YES_AGGRESSIVE;
				CLANG_CXX_LANGUAGE_STANDARD = "gnu++20";
				CLANG_ENABLE_MODULES = YES;
				CLANG_ENABLE_OBJC_ARC = YES;
				CLANG_ENABLE_OBJC_WEAK = YES;
				CLANG_WARN_BLOCK_CAPTURE_AUTORELEASING = YES;
				CLANG_WARN_BOOL_CONVERSION = YES;
				CLANG_WARN_COMMA = YES;
				CLANG_WARN_CONSTANT_CONVERSION = YES;
				CLANG_WARN_DEPRECATED_OBJC_IMPLEMENTATIONS = YES;
				CLANG_WARN_DIRECT_OBJC_ISA_USAGE = YES_ERROR;
				CLANG_WARN_DOCUMENTATION_COMMENTS = YES;
				CLANG_WARN_EMPTY_BODY = YES;
				CLANG_WARN_ENUM_CONVERSION = YES;
				CLANG_WARN_INFINITE_RECURSION = YES;
				CLANG_WARN_INT_CONVERSION = YES;
				CLANG_WARN_NON_LITERAL_NULL_CONVERSION = YES;
				CLANG_WARN_OBJC_IMPLICIT_RETAIN_SELF = YES;
				CLANG_WARN_OBJC_LITERAL_CONVERSION = YES;
				CLANG_WARN_OBJC_ROOT_CLASS = YES_ERROR;
				CLANG_WARN_QUOTED_INCLUDE_IN_FRAMEWORK_HEADER = YES;
				CLANG_WARN_RANGE_LOOP_ANALYSIS = YES;
				CLANG_WARN_STRICT_PROTOTYPES = YES;
				CLANG_WARN_SUSPICIOUS_MOVE = YES;
				CLANG_WARN_UNGUARDED_AVAILABILITY = YES_AGGRESSIVE;
				CLANG_WARN_UNREACHABLE_CODE = YES;
				CLANG_WARN__DUPLICATE_METHOD_MATCH = YES;
				COPY_PHASE_STRIP = NO;
				DEBUG_INFORMATION_FORMAT = "dwarf-with-dsym";
				ENABLE_NS_ASSERTIONS = NO;
				ENABLE_STRICT_OBJC_MSGSEND = YES;
				ENABLE_USER_SCRIPT_SANDBOXING = YES;
				GCC_C_LANGUAGE_STANDARD = gnu17;
				GCC_NO_COMMON_BLOCKS = YES;
				GCC_WARN_64_TO_32_BIT_CONVERSION = YES;
				GCC_WARN_ABOUT_RETURN_TYPE = YES_ERROR;
				GCC_WARN_UNDECLARED_SELECTOR = YES;
				GCC_WARN_UNINITIALIZED_AUTOS = YES_AGGRESSIVE;
				GCC_WARN_UNUSED_FUNCTION = YES;
				GCC_WARN_UNUSED_VARIABLE = YES;
				IPHONEOS_DEPLOYMENT_TARGET = 18.3;
				LOCALIZATION_PREFERS_STRING_CATALOGS = YES;
				MTL_ENABLE_DEBUG_INFO = NO;
				MTL_FAST_MATH = YES;
				SDKROOT = iphoneos;
				SWIFT_COMPILATION_MODE = wholemodule;
				VALIDATE_PRODUCT = YES;
			};
			name = Release;
		};
		891445DC2DF1F1BC00EF6FCA /* Debug */ = {
			isa = XCBuildConfiguration;
			buildSettings = {
				ASSETCATALOG_COMPILER_APPICON_NAME = AppIcon;
				ASSETCATALOG_COMPILER_GLOBAL_ACCENT_COLOR_NAME = AccentColor;
				CODE_SIGN_STYLE = Automatic;
				CURRENT_PROJECT_VERSION = 1;
				ENABLE_PREVIEWS = YES;
				"FRAMEWORK_SEARCH_PATHS[arch=*]" = "$(PROJECT_DIR)/Pods";
				GENERATE_INFOPLIST_FILE = YES;
				INFOPLIST_FILE = Zodiaccurate/Info.plist;
				INFOPLIST_KEY_NSMicrophoneUsageDescription = "This app uses the microphone to record your voice for speech recognition.";
				INFOPLIST_KEY_NSSpeechRecognitionUsageDescription = "This app uses speech recognition to let you dictate messages using your voice.";
				INFOPLIST_KEY_UIApplicationSceneManifest_Generation = YES;
				INFOPLIST_KEY_UIApplicationSupportsIndirectInputEvents = YES;
				INFOPLIST_KEY_UILaunchScreen_Generation = YES;
				INFOPLIST_KEY_UISupportedInterfaceOrientations = "UIInterfaceOrientationPortrait UIInterfaceOrientationPortraitUpsideDown";
				IPHONEOS_DEPLOYMENT_TARGET = 18.3;
				LD_RUNPATH_SEARCH_PATHS = (
					"$(inherited)",
					"@executable_path/Frameworks",
				);
				MARKETING_VERSION = 1.0;
				PRODUCT_BUNDLE_IDENTIFIER = com.app.zodiaccurate;
				PRODUCT_NAME = "$(TARGET_NAME)";
				SUPPORTED_PLATFORMS = "iphoneos iphonesimulator";
				SUPPORTS_MACCATALYST = NO;
				SUPPORTS_MAC_DESIGNED_FOR_IPHONE_IPAD = NO;
				SUPPORTS_XR_DESIGNED_FOR_IPHONE_IPAD = NO;
				SWIFT_EMIT_LOC_STRINGS = YES;
				SWIFT_VERSION = 5.0;
				TARGETED_DEVICE_FAMILY = "1,2";
			};
			name = Debug;
		};
		891445DD2DF1F1BC00EF6FCA /* Release */ = {
			isa = XCBuildConfiguration;
			buildSettings = {
				ASSETCATALOG_COMPILER_APPICON_NAME = AppIcon;
				ASSETCATALOG_COMPILER_GLOBAL_ACCENT_COLOR_NAME = AccentColor;
				CODE_SIGN_STYLE = Automatic;
				CURRENT_PROJECT_VERSION = 1;
				ENABLE_PREVIEWS = YES;
				"FRAMEWORK_SEARCH_PATHS[arch=*]" = "$(PROJECT_DIR)/Pods";
				GENERATE_INFOPLIST_FILE = YES;
				INFOPLIST_FILE = Zodiaccurate/Info.plist;
				INFOPLIST_KEY_NSMicrophoneUsageDescription = "This app uses the microphone to record your voice for speech recognition.";
				INFOPLIST_KEY_NSSpeechRecognitionUsageDescription = "This app uses speech recognition to let you dictate messages using your voice.";
				INFOPLIST_KEY_UIApplicationSceneManifest_Generation = YES;
				INFOPLIST_KEY_UIApplicationSupportsIndirectInputEvents = YES;
				INFOPLIST_KEY_UILaunchScreen_Generation = YES;
				INFOPLIST_KEY_UISupportedInterfaceOrientations = "UIInterfaceOrientationPortrait UIInterfaceOrientationPortraitUpsideDown";
				IPHONEOS_DEPLOYMENT_TARGET = 18.3;
				LD_RUNPATH_SEARCH_PATHS = (
					"$(inherited)",
					"@executable_path/Frameworks",
				);
				MARKETING_VERSION = 1.0;
				PRODUCT_BUNDLE_IDENTIFIER = com.app.zodiaccurate;
				PRODUCT_NAME = "$(TARGET_NAME)";
				SUPPORTED_PLATFORMS = "iphoneos iphonesimulator";
				SUPPORTS_MACCATALYST = NO;
				SUPPORTS_MAC_DESIGNED_FOR_IPHONE_IPAD = NO;
				SUPPORTS_XR_DESIGNED_FOR_IPHONE_IPAD = NO;
				SWIFT_EMIT_LOC_STRINGS = YES;
				SWIFT_VERSION = 5.0;
				TARGETED_DEVICE_FAMILY = "1,2";
			};
			name = Release;
		};
		891445DF2DF1F1BC00EF6FCA /* Debug */ = {
			isa = XCBuildConfiguration;
			buildSettings = {
				BUNDLE_LOADER = "$(TEST_HOST)";
				CODE_SIGN_STYLE = Automatic;
				CURRENT_PROJECT_VERSION = 1;
				GENERATE_INFOPLIST_FILE = YES;
				IPHONEOS_DEPLOYMENT_TARGET = 18.4;
				MARKETING_VERSION = 1.0;
				PRODUCT_BUNDLE_IDENTIFIER = com.app.ZodiaccurateTests;
				PRODUCT_NAME = "$(TARGET_NAME)";
				SWIFT_EMIT_LOC_STRINGS = NO;
				SWIFT_VERSION = 5.0;
				TARGETED_DEVICE_FAMILY = "1,2";
				TEST_HOST = "$(BUILT_PRODUCTS_DIR)/Zodiaccurate.app/$(BUNDLE_EXECUTABLE_FOLDER_PATH)/Zodiaccurate";
			};
			name = Debug;
		};
		891445E02DF1F1BC00EF6FCA /* Release */ = {
			isa = XCBuildConfiguration;
			buildSettings = {
				BUNDLE_LOADER = "$(TEST_HOST)";
				CODE_SIGN_STYLE = Automatic;
				CURRENT_PROJECT_VERSION = 1;
				GENERATE_INFOPLIST_FILE = YES;
				IPHONEOS_DEPLOYMENT_TARGET = 18.4;
				MARKETING_VERSION = 1.0;
				PRODUCT_BUNDLE_IDENTIFIER = com.app.ZodiaccurateTests;
				PRODUCT_NAME = "$(TARGET_NAME)";
				SWIFT_EMIT_LOC_STRINGS = NO;
				SWIFT_VERSION = 5.0;
				TARGETED_DEVICE_FAMILY = "1,2";
				TEST_HOST = "$(BUILT_PRODUCTS_DIR)/Zodiaccurate.app/$(BUNDLE_EXECUTABLE_FOLDER_PATH)/Zodiaccurate";
			};
			name = Release;
		};
		891445E22DF1F1BC00EF6FCA /* Debug */ = {
			isa = XCBuildConfiguration;
			buildSettings = {
				CODE_SIGN_STYLE = Automatic;
				CURRENT_PROJECT_VERSION = 1;
				GENERATE_INFOPLIST_FILE = YES;
				MARKETING_VERSION = 1.0;
				PRODUCT_BUNDLE_IDENTIFIER = com.app.ZodiaccurateUITests;
				PRODUCT_NAME = "$(TARGET_NAME)";
				SWIFT_EMIT_LOC_STRINGS = NO;
				SWIFT_VERSION = 5.0;
				TARGETED_DEVICE_FAMILY = "1,2";
				TEST_TARGET_NAME = Zodiaccurate;
			};
			name = Debug;
		};
		891445E32DF1F1BC00EF6FCA /* Release */ = {
			isa = XCBuildConfiguration;
			buildSettings = {
				CODE_SIGN_STYLE = Automatic;
				CURRENT_PROJECT_VERSION = 1;
				GENERATE_INFOPLIST_FILE = YES;
				MARKETING_VERSION = 1.0;
				PRODUCT_BUNDLE_IDENTIFIER = com.app.ZodiaccurateUITests;
				PRODUCT_NAME = "$(TARGET_NAME)";
				SWIFT_EMIT_LOC_STRINGS = NO;
				SWIFT_VERSION = 5.0;
				TARGETED_DEVICE_FAMILY = "1,2";
				TEST_TARGET_NAME = Zodiaccurate;
			};
			name = Release;
		};
/* End XCBuildConfiguration section */

/* Begin XCConfigurationList section */
		891445B32DF1F1BA00EF6FCA /* Build configuration list for PBXProject "Zodiaccurate" */ = {
			isa = XCConfigurationList;
			buildConfigurations = (
				891445D92DF1F1BC00EF6FCA /* Debug */,
				891445DA2DF1F1BC00EF6FCA /* Release */,
			);
			defaultConfigurationIsVisible = 0;
			defaultConfigurationName = Release;
		};
		891445DB2DF1F1BC00EF6FCA /* Build configuration list for PBXNativeTarget "Zodiaccurate" */ = {
			isa = XCConfigurationList;
			buildConfigurations = (
				891445DC2DF1F1BC00EF6FCA /* Debug */,
				891445DD2DF1F1BC00EF6FCA /* Release */,
			);
			defaultConfigurationIsVisible = 0;
			defaultConfigurationName = Release;
		};
		891445DE2DF1F1BC00EF6FCA /* Build configuration list for PBXNativeTarget "ZodiaccurateTests" */ = {
			isa = XCConfigurationList;
			buildConfigurations = (
				891445DF2DF1F1BC00EF6FCA /* Debug */,
				891445E02DF1F1BC00EF6FCA /* Release */,
			);
			defaultConfigurationIsVisible = 0;
			defaultConfigurationName = Release;
		};
		891445E12DF1F1BC00EF6FCA /* Build configuration list for PBXNativeTarget "ZodiaccurateUITests" */ = {
			isa = XCConfigurationList;
			buildConfigurations = (
				891445E22DF1F1BC00EF6FCA /* Debug */,
				891445E32DF1F1BC00EF6FCA /* Release */,
			);
			defaultConfigurationIsVisible = 0;
			defaultConfigurationName = Release;
		};
/* End XCConfigurationList section */

/* Begin XCRemoteSwiftPackageReference section */
		89314C2B2E011C2E00D8A2B6 /* XCRemoteSwiftPackageReference "firebase-ios-sdk" */ = {
			isa = XCRemoteSwiftPackageReference;
			repositoryURL = "https://github.com/firebase/firebase-ios-sdk";
			requirement = {
				kind = upToNextMajorVersion;
				minimumVersion = 11.14.0;
			};
		};
		8959B3212E10C24900600C8A /* XCRemoteSwiftPackageReference "stripe-ios" */ = {
			isa = XCRemoteSwiftPackageReference;
			repositoryURL = "https://github.com/stripe/stripe-ios";
			requirement = {
				kind = upToNextMajorVersion;
				minimumVersion = 24.16.1;
			};
		};
/* End XCRemoteSwiftPackageReference section */

/* Begin XCSwiftPackageProductDependency section */
		8959B2872E10C0D200600C8A /* FirebaseAnalytics */ = {
			isa = XCSwiftPackageProductDependency;
			productName = FirebaseAnalytics;
		};
		8959B2892E10C0D200600C8A /* FirebaseAnalyticsCore */ = {
			isa = XCSwiftPackageProductDependency;
			productName = FirebaseAnalyticsCore;
		};
		8959B28B2E10C0D200600C8A /* FirebaseAnalyticsIdentitySupport */ = {
			isa = XCSwiftPackageProductDependency;
			productName = FirebaseAnalyticsIdentitySupport;
		};
		8959B28D2E10C0D200600C8A /* FirebaseAnalyticsOnDeviceConversion */ = {
			isa = XCSwiftPackageProductDependency;
			productName = FirebaseAnalyticsOnDeviceConversion;
		};
		8959B28F2E10C0D200600C8A /* FirebaseAuth */ = {
			isa = XCSwiftPackageProductDependency;
			productName = FirebaseAuth;
		};
		8959B2912E10C0D200600C8A /* FirebaseAuthCombine-Community */ = {
			isa = XCSwiftPackageProductDependency;
			productName = "FirebaseAuthCombine-Community";
		};
		8959B2932E10C0D200600C8A /* FirebaseCore */ = {
			isa = XCSwiftPackageProductDependency;
			productName = FirebaseCore;
		};
		8959B2952E10C0D200600C8A /* FirebaseCrashlytics */ = {
			isa = XCSwiftPackageProductDependency;
			productName = FirebaseCrashlytics;
		};
		8959B2972E10C0D200600C8A /* FirebaseFirestore */ = {
			isa = XCSwiftPackageProductDependency;
			productName = FirebaseFirestore;
		};
		8959B2992E10C0D200600C8A /* FirebaseFirestoreCombine-Community */ = {
			isa = XCSwiftPackageProductDependency;
			productName = "FirebaseFirestoreCombine-Community";
		};
		8959B29B2E10C0D200600C8A /* FirebaseStorage */ = {
			isa = XCSwiftPackageProductDependency;
			productName = FirebaseStorage;
		};
		8959B3222E10C24900600C8A /* Stripe */ = {
			isa = XCSwiftPackageProductDependency;
			package = 8959B3212E10C24900600C8A /* XCRemoteSwiftPackageReference "stripe-ios" */;
			productName = Stripe;
		};
		8959B3242E10C24900600C8A /* StripeApplePay */ = {
			isa = XCSwiftPackageProductDependency;
			package = 8959B3212E10C24900600C8A /* XCRemoteSwiftPackageReference "stripe-ios" */;
			productName = StripeApplePay;
		};
		8959B3262E10C24900600C8A /* StripeCardScan */ = {
			isa = XCSwiftPackageProductDependency;
			package = 8959B3212E10C24900600C8A /* XCRemoteSwiftPackageReference "stripe-ios" */;
			productName = StripeCardScan;
		};
		8959B3282E10C24900600C8A /* StripeConnect */ = {
			isa = XCSwiftPackageProductDependency;
			package = 8959B3212E10C24900600C8A /* XCRemoteSwiftPackageReference "stripe-ios" */;
			productName = StripeConnect;
		};
		8959B32A2E10C24900600C8A /* StripeFinancialConnections */ = {
			isa = XCSwiftPackageProductDependency;
			package = 8959B3212E10C24900600C8A /* XCRemoteSwiftPackageReference "stripe-ios" */;
			productName = StripeFinancialConnections;
		};
		8959B32C2E10C24900600C8A /* StripeIdentity */ = {
			isa = XCSwiftPackageProductDependency;
			package = 8959B3212E10C24900600C8A /* XCRemoteSwiftPackageReference "stripe-ios" */;
			productName = StripeIdentity;
		};
		8959B32E2E10C24900600C8A /* StripePaymentSheet */ = {
			isa = XCSwiftPackageProductDependency;
			package = 8959B3212E10C24900600C8A /* XCRemoteSwiftPackageReference "stripe-ios" */;
			productName = StripePaymentSheet;
		};
		8959B3302E10C24900600C8A /* StripePayments */ = {
			isa = XCSwiftPackageProductDependency;
			package = 8959B3212E10C24900600C8A /* XCRemoteSwiftPackageReference "stripe-ios" */;
			productName = StripePayments;
		};
		8959B3322E10C24900600C8A /* StripePaymentsUI */ = {
			isa = XCSwiftPackageProductDependency;
			package = 8959B3212E10C24900600C8A /* XCRemoteSwiftPackageReference "stripe-ios" */;
			productName = StripePaymentsUI;
		};
		89B0DF762E1341FD008BDEFC /* FirebaseDatabase */ = {
			isa = XCSwiftPackageProductDependency;
			package = 89314C2B2E011C2E00D8A2B6 /* XCRemoteSwiftPackageReference "firebase-ios-sdk" */;
			productName = FirebaseDatabase;
		};
/* End XCSwiftPackageProductDependency section */
	};
	rootObject = 891445B02DF1F1BA00EF6FCA /* Project object */;
}
